
Microsoft Visual Studio Solution File, Format Version 12.00
# Visual Studio Version 17
VisualStudioVersion = 17.6.33723.286
MinimumVisualStudioVersion = 10.0.40219.1
Project("{FAE04EC0-301F-11D3-BF4B-00C04F79EFBC}") = "LottoPlus", "LottoPlus\LottoPlus.csproj", "{653743E8-A0DA-4EB2-81D0-A4758E20846F}"
EndProject
Global
	GlobalSection(SolutionConfigurationPlatforms) = preSolution
		Debug|Any CPU = Debug|Any CPU
		Release|Any CPU = Release|Any CPU
	EndGlobalSection
	GlobalSection(ProjectConfigurationPlatforms) = postSolution
		{653743E8-A0DA-4EB2-81D0-A4758E20846F}.Debug|Any CPU.ActiveCfg = Debug|Any CPU
		{653743E8-A0DA-4EB2-81D0-A4758E20846F}.Debug|Any CPU.Build.0 = Debug|Any CPU
		{653743E8-A0DA-4EB2-81D0-A4758E20846F}.Release|Any CPU.ActiveCfg = Release|Any CPU
		{653743E8-A0DA-4EB2-81D0-A4758E20846F}.Release|Any CPU.Build.0 = Release|Any CPU
	EndGlobalSection
	GlobalSection(SolutionProperties) = preSolution
		HideSolutionNode = FALSE
	EndGlobalSection
	GlobalSection(ExtensibilityGlobals) = postSolution
		SolutionGuid = {9F93324D-B11B-4CDE-94C5-09DFC3FFCD60}
	EndGlobalSection
EndGlobal
